
Microsoft Visual Studio Solution File, Format Version 12.00
# Visual Studio Version 16
VisualStudioVersion = 16.0.31729.503
MinimumVisualStudioVersion = 10.0.40219.1
Project("{FAE04EC0-301F-11D3-BF4B-00C04F79EFBC}") = "ToDoList", "ToDoList\ToDoList.csproj", "{38554F37-9920-4FB8-A205-734395BED41A}"
EndProject
Global
	GlobalSection(SolutionConfigurationPlatforms) = preSolution
		Debug|Any CPU = Debug|Any CPU
		Release|Any CPU = Release|Any CPU
	EndGlobalSection
	GlobalSection(ProjectConfigurationPlatforms) = postSolution
		{38554F37-9920-4FB8-A205-734395BED41A}.Debug|Any CPU.ActiveCfg = Debug|Any CPU
		{38554F37-9920-4FB8-A205-734395BED41A}.Debug|Any CPU.Build.0 = Debug|Any CPU
		{38554F37-9920-4FB8-A205-734395BED41A}.Release|Any CPU.ActiveCfg = Release|Any CPU
		{38554F37-9920-4FB8-A205-734395BED41A}.Release|Any CPU.Build.0 = Release|Any CPU
	EndGlobalSection
	GlobalSection(SolutionProperties) = preSolution
		HideSolutionNode = FALSE
	EndGlobalSection
	GlobalSection(ExtensibilityGlobals) = postSolution
		SolutionGuid = {3507BB83-1C14-4185-809E-C11F0B2C2BB1}
	EndGlobalSection
EndGlobal
